{
  "version": 2,
  "dependencies": {
    "net10.0": {
      "Microsoft.NET.Test.Sdk": {
        "type": "Direct",
        "requested": "[18.8.1, )",
        "resolved": "18.8.1",
        "contentHash": "dknJL3/9Y3t4XuCBqnc0PevPxgLsUMmVhjwup/b1HNovA8zWcj3XsfIf7c6p05363DWcqL7X/YhDL9B+Zymv1w==",
        "dependencies": {
          "Microsoft.CodeCoverage": "18.8.1",
          "Microsoft.TestPlatform.TestHost": "18.8.1"
        }
      },
      "TngTech.ArchUnitNET.xUnit": {
        "type": "Direct",
        "requested": "[0.13.3, )",
        "resolved": "0.13.3",
        "contentHash": "rwgQ9L+/BNGI5kuWozB8uNptXlEYjY38P6jQT388Zat1ZymEuJe8Q097Rrabv28dY0kbNNJVKve9jp7xq9PaOg==",
        "dependencies": {
          "TngTech.ArchUnitNET": "0.13.3",
          "xunit.assert": "2.4.1"
        }
      },
      "Verify.Xunit": {
        "type": "Direct",
        "requested": "[29.0.0, )",
        "resolved": "29.0.0",
        "contentHash": "PJ8CrV6df8XCKNmV7l7Nt49wJiJlNFRHbk+j8H6bqxNmHFYI8XwWUJRsF+dIY8/xBszgRnrQROxPMgCdGKWNyA==",
        "dependencies": {
          "Argon": "0.27.0",
          "DiffEngine": "15.11.0",
          "SimpleInfoName": "3.1.0",
          "System.IO.Hashing": "9.0.3",
          "Verify": "29.0.0",
          "xunit.abstractions": "2.0.3",
          "xunit.extensibility.execution": "2.9.3"
        }
      },
      "xunit": {
        "type": "Direct",
        "requested": "[2.9.3, )",
        "resolved": "2.9.3",
        "contentHash": "TlXQBinK35LpOPKHAqbLY4xlEen9TBafjs0V5KnA4wZsoQLQJiirCR4CbIXvOH8NzkW4YeJKP5P/Bnrodm0h9Q==",
        "dependencies": {
          "xunit.analyzers": "1.18.0",
          "xunit.assert": "2.9.3",
          "xunit.core": "[2.9.3]"
        }
      },
      "xunit.runner.visualstudio": {
        "type": "Direct",
        "requested": "[3.1.5, )",
        "resolved": "3.1.5",
        "contentHash": "tKi7dSTwP4m5m9eXPM2Ime4Kn7xNf4x4zT9sdLO/G4hZVnQCRiMTWoSZqI/pYTVeI27oPPqHBKYI/DjJ9GsYgA=="
      },
      "Argon": {
        "type": "Transitive",
        "resolved": "0.27.0",
        "contentHash": "LtZKATYeTwDyYq1AXrgVU/ly+nI6GvE0GK1isJYFPQOnb2uHUxvDA+yh40QYaITGTLViXK7rbWhNKpbZ5pb9XA=="
      },
      "CycleDetection": {
        "type": "Transitive",
        "resolved": "2.0.0",
        "contentHash": "iQb2Nm9WqPseGCxPcdeU5qMbWkxtSr1bmnliC7slitx7GOG8cKO2pKZUQ2Yl+DQQZQ7c8qIXe3k+zYE0f96dIA=="
      },
      "DiffEngine": {
        "type": "Transitive",
        "resolved": "15.11.0",
        "contentHash": "+XmI62PXN+abRRInWuJGBqM+8boHRxl5ZXHguJDteyI9jPv7HluhtpKL9HqpgcLqJJ/BMp72+E8k+l8E2UN0GQ==",
        "dependencies": {
          "EmptyFiles": "8.8.0",
          "System.Management": "9.0.2"
        }
      },
      "EmptyFiles": {
        "type": "Transitive",
        "resolved": "8.8.0",
        "contentHash": "d0pgc/vMyKgQ9T3qiiJBn1uYUSZ1/OShh6tySnNSkELRSgM4A4IOrpdQhLqwCkPwYvdJqzKuxQ6wn3MQAd4GNA=="
      },
      "JetBrains.Annotations": {
        "type": "Transitive",
        "resolved": "2025.2.2",
        "contentHash": "0X56ZRizuHdrnPpgXjWV7f2tQO1FlQg5O1967OGKnI/4ZRNOK642J8L7brM1nYvrxTTU5TP1yRyXLRLaXLPQ8A=="
      },
      "Microsoft.CodeCoverage": {
        "type": "Transitive",
        "resolved": "18.8.1",
        "contentHash": "Eclse/ZZjr4lmWzZFNN9h/OluhKL+SK/QbUyKUewgX139aGeyMEO/DkMPwuFs2MixvanTnz6891rF8UHDg+W4Q=="
      },
      "Microsoft.TestPlatform.ObjectModel": {
        "type": "Transitive",
        "resolved": "18.8.1",
        "contentHash": "qLbktNB1+b1XZLNJBTzaWVVJAd6PEzD7cgD406geMb6PcFZhp3EDNa1tctWx1+mtMU6MP/6ozVvFPC9vs2a9rw=="
      },
      "Microsoft.TestPlatform.TestHost": {
        "type": "Transitive",
        "resolved": "18.8.1",
        "contentHash": "FaQHPDTUOcE+SFTjssNPfrub2lT9Zyon4J2W/KLHt/efLJACb1TCeWXyOgh0D/4Q1e4n+S3E6mOKud+9nLZlEA==",
        "dependencies": {
          "Microsoft.TestPlatform.ObjectModel": "18.8.1"
        }
      },
      "Mono.Cecil": {
        "type": "Transitive",
        "resolved": "0.11.6",
        "contentHash": "f33RkDtZO8VlGXCtmQIviOtxgnUdym9xx/b1p9h91CRGOsJFxCFOFK1FDbVt1OCf1aWwYejUFa2MOQyFWTFjbA=="
      },
      "Newtonsoft.Json": {
        "type": "Transitive",
        "resolved": "13.0.4",
        "contentHash": "pdgNNMai3zv51W5aq268sujXUyx7SNdE2bj1wZcWjAQrKMFZV260lbqYop1d2GM67JI1huLRwxo9ZqnfF/lC6A=="
      },
      "SimpleInfoName": {
        "type": "Transitive",
        "resolved": "3.1.0",
        "contentHash": "j+ENh86NhxrgDc6T1ueqIR2QOdDkSJY2dbTFyPN/JvIXifB4GHAunlMw/x7P6m7XaXEHr3s+SMZfKBlmnmkO6g=="
      },
      "System.CodeDom": {
        "type": "Transitive",
        "resolved": "9.0.2",
        "contentHash": "VnlzS7afE8LaXXwKdHOe2D6FcDekqThzU1E67CONV7gp71q3zposqcSeXH+PxARMXC5j31efwXrxP8VGvD70Ug=="
      },
      "System.IO.Hashing": {
        "type": "Transitive",
        "resolved": "9.0.3",
        "contentHash": "BrMGzDRLz410PE4qC8UeKeAc0hFRjBkiCUOLTwuod65NAjqg5tDNqYU7gP0A09taEXtecB+HJc1NNnnTjsKFAQ=="
      },
      "System.Management": {
        "type": "Transitive",
        "resolved": "9.0.2",
        "contentHash": "U6SXFe1kfJySAvcPPdbdb+fycaY+3c/KV0PwTjurvrALMnlSm37s5z8zcoI7qbkV2kYhxiLfsZRGiF0XeSsqSQ==",
        "dependencies": {
          "System.CodeDom": "9.0.2"
        }
      },
      "System.ValueTuple": {
        "type": "Transitive",
        "resolved": "4.6.1",
        "contentHash": "+RJT4qaekpZ7DDLhf+LTjq+E48jieKiY9ulJ+BoxKmZblIJfIJT8Ufcaa/clQqnYvWs8jugfGSMu8ylS0caG0w=="
      },
      "TngTech.ArchUnitNET": {
        "type": "Transitive",
        "resolved": "0.13.3",
        "contentHash": "4+V+rJ1DC6f2mbwpVnSKwUnN8OhbZ+YC2HoFXYj4Skb+pbabaweu5cnscyXBiMlU97b5GvoOKzpUCn0RCTmWeg==",
        "dependencies": {
          "CycleDetection": "2.0.0",
          "JetBrains.Annotations": "2025.2.2",
          "Mono.Cecil": "0.11.6",
          "Newtonsoft.Json": "13.0.4",
          "System.ValueTuple": "4.6.1"
        }
      },
      "Verify": {
        "type": "Transitive",
        "resolved": "29.0.0",
        "contentHash": "K8d3Si7J/ED5cyWcOkNGhq867BzEyQupdmPqQFgrOWLHrmRqnP+QHOryUEibOLkKRVEAPZ/cr+m1BB8+6VkiLw==",
        "dependencies": {
          "Argon": "0.27.0",
          "DiffEngine": "15.11.0",
          "SimpleInfoName": "3.1.0",
          "System.IO.Hashing": "9.0.3"
        }
      },
      "xunit.abstractions": {
        "type": "Transitive",
        "resolved": "2.0.3",
        "contentHash": "pot1I4YOxlWjIb5jmwvvQNbTrZ3lJQ+jUGkGjWE3hEFM0l5gOnBWS+H3qsex68s5cO52g+44vpGzhAt+42vwKg=="
      },
      "xunit.analyzers": {
        "type": "Transitive",
        "resolved": "1.18.0",
        "contentHash": "OtFMHN8yqIcYP9wcVIgJrq01AfTxijjAqVDy/WeQVSyrDC1RzBWeQPztL49DN2syXRah8TYnfvk035s7L95EZQ=="
      },
      "xunit.assert": {
        "type": "Transitive",
        "resolved": "2.9.3",
        "contentHash": "/Kq28fCE7MjOV42YLVRAJzRF0WmEqsmflm0cfpMjGtzQ2lR5mYVj1/i0Y8uDAOLczkL3/jArrwehfMD0YogMAA=="
      },
      "xunit.core": {
        "type": "Transitive",
        "resolved": "2.9.3",
        "contentHash": "BiAEvqGvyme19wE0wTKdADH+NloYqikiU0mcnmiNyXaF9HyHmE6sr/3DC5vnBkgsWaE6yPyWszKSPSApWdRVeQ==",
        "dependencies": {
          "xunit.extensibility.core": "[2.9.3]",
          "xunit.extensibility.execution": "[2.9.3]"
        }
      },
      "xunit.extensibility.core": {
        "type": "Transitive",
        "resolved": "2.9.3",
        "contentHash": "kf3si0YTn2a8J8eZNb+zFpwfoyvIrQ7ivNk5ZYA5yuYk1bEtMe4DxJ2CF/qsRgmEnDr7MnW1mxylBaHTZ4qErA==",
        "dependencies": {
          "xunit.abstractions": "2.0.3"
        }
      },
      "xunit.extensibility.execution": {
        "type": "Transitive",
        "resolved": "2.9.3",
        "contentHash": "yMb6vMESlSrE3Wfj7V6cjQ3S4TXdXpRqYeNEI3zsX31uTsGMJjEw6oD5F5u1cHnMptjhEECnmZSsPxB6ChZHDQ==",
        "dependencies": {
          "xunit.extensibility.core": "[2.9.3]"
        }
      },
      "launchpad.core": {
        "type": "Project"
      },
      "launchpad.infrastructure": {
        "type": "Project",
        "dependencies": {
          "launchpad.Core": "[1.0.0, )"
        }
      },
      "launchpad.usecases": {
        "type": "Project",
        "dependencies": {
          "ErrorOr": "[2.1.1, )",
          "launchpad.Core": "[1.0.0, )"
        }
      },
      "ErrorOr": {
        "type": "CentralTransitive",
        "requested": "[2.1.1, )",
        "resolved": "2.1.1",
        "contentHash": "Y/AhvEZ5DjSi993Db1VrnYpK8YpM4o+tonF4f+AtXDzrIHYvbjWJD7fpip+ugSwW8kMw+XXEnMlJM7E0BKJBWA=="
      }
    }
  }
}
